
Microsoft Visual Studio Solution File, Format Version 12.00
# Visual Studio Version 17
VisualStudioVersion = 17.0.32014.148
MinimumVisualStudioVersion = 10.0.40219.1
Project("{FAE04EC0-301F-11D3-BF4B-00C04F79EFBC}") = "2-EstruturasDeControle-ExercicioModulo", "2-EstruturasDeControle-ExercicioModulo.csproj", "{03D79482-677E-4D76-AA40-D3B833331C6E}"
EndProject
Global
	GlobalSection(SolutionConfigurationPlatforms) = preSolution
		Debug|Any CPU = Debug|Any CPU
		Release|Any CPU = Release|Any CPU
	EndGlobalSection
	GlobalSection(ProjectConfigurationPlatforms) = postSolution
		{03D79482-677E-4D76-AA40-D3B833331C6E}.Debug|Any CPU.ActiveCfg = Debug|Any CPU
		{03D79482-677E-4D76-AA40-D3B833331C6E}.Debug|Any CPU.Build.0 = Debug|Any CPU
		{03D79482-677E-4D76-AA40-D3B833331C6E}.Release|Any CPU.ActiveCfg = Release|Any CPU
		{03D79482-677E-4D76-AA40-D3B833331C6E}.Release|Any CPU.Build.0 = Release|Any CPU
	EndGlobalSection
	GlobalSection(SolutionProperties) = preSolution
		HideSolutionNode = FALSE
	EndGlobalSection
	GlobalSection(ExtensibilityGlobals) = postSolution
		SolutionGuid = {C136BC52-2C87-4541-9903-D5845F098FBD}
	EndGlobalSection
EndGlobal
